// !$*UTF8*$!
{
	archiveVersion = 1;
	classes = {
	};
	objectVersion = 63;
	objects = {

/* Begin PBXBuildFile section */
		04C1F20034405ECDAA03582D /* LinkStatusBadge.swift in Sources */ = {isa = PBXBuildFile; fileRef = A7D95BC8968F47F9EEE076BA /* LinkStatusBadge.swift */; };
		0696D7CD1C87C5C263A60B39 /* Social.framework in Frameworks */ = {isa = PBXBuildFile; fileRef = EC1AEF8A7144284C59DC8A90 /* Social.framework */; };
		06C3CC56E338C56F4990B8BD /* SearchIndexMetadata.swift in Sources */ = {isa = PBXBuildFile; fileRef = 4ECA20E7784097D2A130917E /* SearchIndexMetadata.swift */; };
		0B636D62485E37CA9AB95AEC /* StuffBucketModel.xcdatamodeld in Sources */ = {isa = PBXBuildFile; fileRef = A0E7D6443688015B5AD0915C /* StuffBucketModel.xcdatamodeld */; };
		0DAD5813CCC54F7369D1D93E /* SharedCaptureStore.swift in Sources */ = {isa = PBXBuildFile; fileRef = BB12F39F12A0E85EF8522A4F /* SharedCaptureStore.swift */; };
		0F55D1A2F13947D0394C501F /* SharedCaptureStore.swift in Sources */ = {isa = PBXBuildFile; fileRef = BB12F39F12A0E85EF8522A4F /* SharedCaptureStore.swift */; };
		1057C6B010B8BF21AB3CE383 /* LinkMetadataParser.swift in Sources */ = {isa = PBXBuildFile; fileRef = 61B5AEE244404891A0F3F772 /* LinkMetadataParser.swift */; };
		1629127A33E68B72BE6B0797 /* ItemType.swift in Sources */ = {isa = PBXBuildFile; fileRef = 492673B57623F50F88A8ADA2 /* ItemType.swift */; };
		1684E9613F720EDFB183041E /* AIService.swift in Sources */ = {isa = PBXBuildFile; fileRef = F1981F222EFC6022AFB2BDFC /* AIService.swift */; };
		184AA3E4FDEA06A44BDBFCC8 /* Assets.xcassets in Resources */ = {isa = PBXBuildFile; fileRef = 8F52BD4FC676A4538452BFDB /* Assets.xcassets */; };
		23AAA931C77F030BB05A7A1C /* Assets.xcassets in Resources */ = {isa = PBXBuildFile; fileRef = F116073320FB06FC953E4566 /* Assets.xcassets */; };
		23CB31D0AFC51333762153AF /* LinkArchiver.swift in Sources */ = {isa = PBXBuildFile; fileRef = 2AF01B94C0FF40F312225194 /* LinkArchiver.swift */; };
		253EC276859FA1F651EE58E0 /* StuffBucketMacShareExtension.appex in Embed Foundation Extensions */ = {isa = PBXBuildFile; fileRef = 93E12DDBAC061C565DA3D21B /* StuffBucketMacShareExtension.appex */; settings = {ATTRIBUTES = (RemoveHeadersOnCopy, ); }; };
		2EF760054F3B6D1BDC9442D5 /* ItemDetailView.swift in Sources */ = {isa = PBXBuildFile; fileRef = 59DCBC7B3D1435C4D3287924 /* ItemDetailView.swift */; };
		34961F9179850DA307BE167C /* StuffBucketCore.framework in Embed Frameworks */ = {isa = PBXBuildFile; fileRef = 5AE0A3DE6401EC33AC94C171 /* StuffBucketCore.framework */; settings = {ATTRIBUTES = (CodeSignOnCopy, RemoveHeadersOnCopy, ); }; };
		37B561B46F79E7E0FBE37F02 /* SearchBarView.swift in Sources */ = {isa = PBXBuildFile; fileRef = 8CE026328EAC215EAEB06286 /* SearchBarView.swift */; };
		3DB1EAC92B925A9163115A56 /* SearchTypes.swift in Sources */ = {isa = PBXBuildFile; fileRef = E2362C758E3E3EC455DA86B6 /* SearchTypes.swift */; };
		3E13D18149A2F3D4D040D8D8 /* SearchBarView.swift in Sources */ = {isa = PBXBuildFile; fileRef = 8CE026328EAC215EAEB06286 /* SearchBarView.swift */; };
		43E74AD975C0A0ECD9F1F898 /* SearchDatabase.swift in Sources */ = {isa = PBXBuildFile; fileRef = 905F62C8A186C9FB500CDA04 /* SearchDatabase.swift */; };
		44B63DF7EA7517242F967299 /* SafariBookmarksImporter.swift in Sources */ = {isa = PBXBuildFile; fileRef = E70E88CA2D3A12D3916610DF /* SafariBookmarksImporter.swift */; };
		45DF98E80EF17852BE3498AD /* StuffBucketCoreMacTests.swift in Sources */ = {isa = PBXBuildFile; fileRef = 09FB00910A27DBAC7AF0C1D9 /* StuffBucketCoreMacTests.swift */; };
		4A2310E940D292587003DBAA /* OpenAIClient.swift in Sources */ = {isa = PBXBuildFile; fileRef = 3967E8E4395E7A531ABB2E62 /* OpenAIClient.swift */; };
		4A8A152DBF678089079E23FA /* SearchTypes.swift in Sources */ = {isa = PBXBuildFile; fileRef = E2362C758E3E3EC455DA86B6 /* SearchTypes.swift */; };
		4D7F7071C5B3C4A38ED552CD /* LibrarySummary.swift in Sources */ = {isa = PBXBuildFile; fileRef = 84AFF605547F5932FC2491C8 /* LibrarySummary.swift */; };
		5F55015554ECD27FF920B8CD /* StuffBucketCore.framework in Frameworks */ = {isa = PBXBuildFile; fileRef = B361E6BED62FB2575D9451B2 /* StuffBucketCore.framework */; };
		621E0E2B76F2A6F7C0EC12B2 /* LinkMetadataParser.swift in Sources */ = {isa = PBXBuildFile; fileRef = 61B5AEE244404891A0F3F772 /* LinkMetadataParser.swift */; };
		62A8E4C504E25F033A587A43 /* libsqlite3.tbd in Frameworks */ = {isa = PBXBuildFile; fileRef = 395F5C4997E19A6D5275D018 /* libsqlite3.tbd */; };
		636A5458895A0EFAB3548B53 /* StuffBucketModel.xcdatamodeld in Sources */ = {isa = PBXBuildFile; fileRef = A0E7D6443688015B5AD0915C /* StuffBucketModel.xcdatamodeld */; };
		648AA9C43B4433FBC71003D3 /* SearchService.swift in Sources */ = {isa = PBXBuildFile; fileRef = D4768A08056EEFBD1E643C51 /* SearchService.swift */; };
		6684A51D3E6853AA9C05B79A /* StuffBucketApp.swift in Sources */ = {isa = PBXBuildFile; fileRef = 8B67CD12B29FD60DF409D87B /* StuffBucketApp.swift */; };
		68D366FE1C7032E99FCC17EA /* LinkStorage.swift in Sources */ = {isa = PBXBuildFile; fileRef = 427A151E99D8C9E78755C44F /* LinkStorage.swift */; };
		6DD4DF259E5BFA400116A1EB /* ItemDetailView.swift in Sources */ = {isa = PBXBuildFile; fileRef = 59DCBC7B3D1435C4D3287924 /* ItemDetailView.swift */; };
		71EACB034052AEA96271B70A /* Item.swift in Sources */ = {isa = PBXBuildFile; fileRef = 759B8C6613B6A7906FABD215 /* Item.swift */; };
		75D21B3A9853C120555F781D /* LinkStatusBadge.swift in Sources */ = {isa = PBXBuildFile; fileRef = A7D95BC8968F47F9EEE076BA /* LinkStatusBadge.swift */; };
		7A9131A8C23EBCFFCC7353CB /* StuffBucketCore.framework in Frameworks */ = {isa = PBXBuildFile; fileRef = 5AE0A3DE6401EC33AC94C171 /* StuffBucketCore.framework */; };
		7D265F05B8433408B87BEA95 /* Item.swift in Sources */ = {isa = PBXBuildFile; fileRef = 759B8C6613B6A7906FABD215 /* Item.swift */; };
		7EBC56EFA9BBBEDFF339E2EB /* ShareViewController.swift in Sources */ = {isa = PBXBuildFile; fileRef = 9B0D9ADADAD06E535CBC42CB /* ShareViewController.swift */; };
		7EEFA8A7ED48AB7844FEC2C5 /* SharedCaptureStore.swift in Sources */ = {isa = PBXBuildFile; fileRef = BB12F39F12A0E85EF8522A4F /* SharedCaptureStore.swift */; };
		85DE227A7108CCF34C637DFD /* SearchQueryBuilder.swift in Sources */ = {isa = PBXBuildFile; fileRef = 4930E261A822ECF2BA2B9C65 /* SearchQueryBuilder.swift */; };
		865A957FA76BE7E7AFBF645A /* SearchIndexMetadata.swift in Sources */ = {isa = PBXBuildFile; fileRef = 4ECA20E7784097D2A130917E /* SearchIndexMetadata.swift */; };
		8EE483CB89F18849A66F8AB8 /* ShareViewController.swift in Sources */ = {isa = PBXBuildFile; fileRef = 7DF1288BED3A4351F145A788 /* ShareViewController.swift */; };
		91F3C3288D3140283B8352B4 /* ItemType.swift in Sources */ = {isa = PBXBuildFile; fileRef = 492673B57623F50F88A8ADA2 /* ItemType.swift */; };
		966376487199F9084473382B /* SearchQueryBuilder.swift in Sources */ = {isa = PBXBuildFile; fileRef = 4930E261A822ECF2BA2B9C65 /* SearchQueryBuilder.swift */; };
		A3616876C4CA9FDE6E590941 /* LinkStorage.swift in Sources */ = {isa = PBXBuildFile; fileRef = 427A151E99D8C9E78755C44F /* LinkStorage.swift */; };
		A41D6A37792859DA717F2B9C /* StuffBucketCore.framework in Embed Frameworks */ = {isa = PBXBuildFile; fileRef = B361E6BED62FB2575D9451B2 /* StuffBucketCore.framework */; settings = {ATTRIBUTES = (CodeSignOnCopy, RemoveHeadersOnCopy, ); }; };
		A4B7752A6E94C6C1939AB68E /* OpenAIClient.swift in Sources */ = {isa = PBXBuildFile; fileRef = 3967E8E4395E7A531ABB2E62 /* OpenAIClient.swift */; };
		A58B7B11FF9D05D5D88ABC61 /* SharedCaptureStore.swift in Sources */ = {isa = PBXBuildFile; fileRef = BB12F39F12A0E85EF8522A4F /* SharedCaptureStore.swift */; };
		AACA028DDA00DE54A4DA6C38 /* LinkArchiver.swift in Sources */ = {isa = PBXBuildFile; fileRef = 2AF01B94C0FF40F312225194 /* LinkArchiver.swift */; };
		BF0A039D793E0C0E4F733F1E /* SafariBookmarksImporter.swift in Sources */ = {isa = PBXBuildFile; fileRef = E70E88CA2D3A12D3916610DF /* SafariBookmarksImporter.swift */; };
		C5523BBEEFEA8580CF55986C /* ContentView.swift in Sources */ = {isa = PBXBuildFile; fileRef = 0AB2C2597AE76B5FA3455BC7 /* ContentView.swift */; };
		CCEFAF9BDCB0665F0DE35AD5 /* ModelDefaults.swift in Sources */ = {isa = PBXBuildFile; fileRef = E7D12DAD6A6B4D0D441AF4CC /* ModelDefaults.swift */; };
		CDC82418C4C9FF5238579ED7 /* LibrarySummary.swift in Sources */ = {isa = PBXBuildFile; fileRef = 84AFF605547F5932FC2491C8 /* LibrarySummary.swift */; };
		CE3E34A3552642C322D5AC15 /* libsqlite3.tbd in Frameworks */ = {isa = PBXBuildFile; fileRef = 395F5C4997E19A6D5275D018 /* libsqlite3.tbd */; };
		D2AA894706968FC3D078E99D /* ModelDefaults.swift in Sources */ = {isa = PBXBuildFile; fileRef = E7D12DAD6A6B4D0D441AF4CC /* ModelDefaults.swift */; };
		D46EBD7F3E366F2E7B3C8FE9 /* PersistenceController.swift in Sources */ = {isa = PBXBuildFile; fileRef = 3519E626243FD84BBF5EDA7F /* PersistenceController.swift */; };
		D6C860C37CC33E7DE7EAADCF /* StuffBucketMacApp.swift in Sources */ = {isa = PBXBuildFile; fileRef = 026D6ACFAAE7EF7A081F6194 /* StuffBucketMacApp.swift */; };
		D7AB4EEB19D2B702E1B4D902 /* SearchDatabase.swift in Sources */ = {isa = PBXBuildFile; fileRef = 905F62C8A186C9FB500CDA04 /* SearchDatabase.swift */; };
		DC27835D5F2AD8A5BFAD75C4 /* StuffBucketShareExtension.appex in Embed Foundation Extensions */ = {isa = PBXBuildFile; fileRef = 971ED3B90D0BC6EA793D9090 /* StuffBucketShareExtension.appex */; settings = {ATTRIBUTES = (RemoveHeadersOnCopy, ); }; };
		DC8A8AA04064C930F4AB54EE /* AIService.swift in Sources */ = {isa = PBXBuildFile; fileRef = F1981F222EFC6022AFB2BDFC /* AIService.swift */; };
		E12947893CCC16D9108DDBF3 /* PersistenceController.swift in Sources */ = {isa = PBXBuildFile; fileRef = 3519E626243FD84BBF5EDA7F /* PersistenceController.swift */; };
		E1D7292B327AE124B4D139DE /* SearchIndexer.swift in Sources */ = {isa = PBXBuildFile; fileRef = DA005B6C0E3259CDAE104D1C /* SearchIndexer.swift */; };
		E5A30EB1358147F2E89BA621 /* SearchIndexer.swift in Sources */ = {isa = PBXBuildFile; fileRef = DA005B6C0E3259CDAE104D1C /* SearchIndexer.swift */; };
		F2D713C24B245503BD6058C9 /* SearchService.swift in Sources */ = {isa = PBXBuildFile; fileRef = D4768A08056EEFBD1E643C51 /* SearchService.swift */; };
		F545F48693406383B085E724 /* StuffBucketCoreTests.swift in Sources */ = {isa = PBXBuildFile; fileRef = F43BBF55811196859694BD81 /* StuffBucketCoreTests.swift */; };
		FABB5C46F68A88842020892B /* ContentView.swift in Sources */ = {isa = PBXBuildFile; fileRef = 3229BC032C43225982B053D2 /* ContentView.swift */; };
/* End PBXBuildFile section */

/* Begin PBXContainerItemProxy section */
		307EA3B8FD8A69FBFEF3A4DF /* PBXContainerItemProxy */ = {
			isa = PBXContainerItemProxy;
			containerPortal = EC99472ADB6FCA1746DD99A8 /* Project object */;
			proxyType = 1;
			remoteGlobalIDString = D00D7A27BDD3B5A7B4B852AB;
			remoteInfo = StuffBucketCore_iOS;
		};
		5B47C2D25DCB1CA4C0CE1129 /* PBXContainerItemProxy */ = {
			isa = PBXContainerItemProxy;
			containerPortal = EC99472ADB6FCA1746DD99A8 /* Project object */;
			proxyType = 1;
			remoteGlobalIDString = E4B7303BB800070BB5447DCF;
			remoteInfo = StuffBucketCore_macOS;
		};
		9256FBB07884CB066EFEEB59 /* PBXContainerItemProxy */ = {
			isa = PBXContainerItemProxy;
			containerPortal = EC99472ADB6FCA1746DD99A8 /* Project object */;
			proxyType = 1;
			remoteGlobalIDString = 3F56C72B5B4A4B0D9E41F3F6;
			remoteInfo = StuffBucketShareExtension;
		};
		A647AB5E258C5D9B3F51EA7E /* PBXContainerItemProxy */ = {
			isa = PBXContainerItemProxy;
			containerPortal = EC99472ADB6FCA1746DD99A8 /* Project object */;
			proxyType = 1;
			remoteGlobalIDString = BC358A3656762DACE7E742E7;
			remoteInfo = StuffBucket;
		};
		C7201B5D9C42364FC54A1C55 /* PBXContainerItemProxy */ = {
			isa = PBXContainerItemProxy;
			containerPortal = EC99472ADB6FCA1746DD99A8 /* Project object */;
			proxyType = 1;
			remoteGlobalIDString = F3A800812C683F10CCE9E9B3;
			remoteInfo = StuffBucketMacShareExtension;
		};
		E741FA849ECFE7C7879C6FF8 /* PBXContainerItemProxy */ = {
			isa = PBXContainerItemProxy;
			containerPortal = EC99472ADB6FCA1746DD99A8 /* Project object */;
			proxyType = 1;
			remoteGlobalIDString = 8F8E123B35D0528F425DEEFD;
			remoteInfo = StuffBucketMac;
		};
/* End PBXContainerItemProxy section */

/* Begin PBXCopyFilesBuildPhase section */
		0DF436D5AE011D84102D447E /* Embed Foundation Extensions */ = {
			isa = PBXCopyFilesBuildPhase;
			buildActionMask = 2147483647;
			dstPath = "";
			dstSubfolderSpec = 13;
			files = (
				253EC276859FA1F651EE58E0 /* StuffBucketMacShareExtension.appex in Embed Foundation Extensions */,
			);
			name = "Embed Foundation Extensions";
			runOnlyForDeploymentPostprocessing = 0;
		};
		9311A70D1B0D4134E31CCB5A /* Embed Frameworks */ = {
			isa = PBXCopyFilesBuildPhase;
			buildActionMask = 2147483647;
			dstPath = "";
			dstSubfolderSpec = 10;
			files = (
				A41D6A37792859DA717F2B9C /* StuffBucketCore.framework in Embed Frameworks */,
			);
			name = "Embed Frameworks";
			runOnlyForDeploymentPostprocessing = 0;
		};
		C0C41CF23B1E7F917F59DE00 /* Embed Foundation Extensions */ = {
			isa = PBXCopyFilesBuildPhase;
			buildActionMask = 2147483647;
			dstPath = "";
			dstSubfolderSpec = 13;
			files = (
				DC27835D5F2AD8A5BFAD75C4 /* StuffBucketShareExtension.appex in Embed Foundation Extensions */,
			);
			name = "Embed Foundation Extensions";
			runOnlyForDeploymentPostprocessing = 0;
		};
		D63069500CB5D2BC44F93B6D /* Embed Frameworks */ = {
			isa = PBXCopyFilesBuildPhase;
			buildActionMask = 2147483647;
			dstPath = "";
			dstSubfolderSpec = 10;
			files = (
				34961F9179850DA307BE167C /* StuffBucketCore.framework in Embed Frameworks */,
			);
			name = "Embed Frameworks";
			runOnlyForDeploymentPostprocessing = 0;
		};
/* End PBXCopyFilesBuildPhase section */

/* Begin PBXFileReference section */
		026D6ACFAAE7EF7A081F6194 /* StuffBucketMacApp.swift */ = {isa = PBXFileReference; lastKnownFileType = sourcecode.swift; path = StuffBucketMacApp.swift; sourceTree = "<group>"; };
		090F3B08EC5B484CB3FB4396 /* StuffBucketMacTests.xctest */ = {isa = PBXFileReference; explicitFileType = wrapper.cfbundle; includeInIndex = 0; path = StuffBucketMacTests.xctest; sourceTree = BUILT_PRODUCTS_DIR; };
		09FB00910A27DBAC7AF0C1D9 /* StuffBucketCoreMacTests.swift */ = {isa = PBXFileReference; lastKnownFileType = sourcecode.swift; path = StuffBucketCoreMacTests.swift; sourceTree = "<group>"; };
		0AB2C2597AE76B5FA3455BC7 /* ContentView.swift */ = {isa = PBXFileReference; lastKnownFileType = sourcecode.swift; path = ContentView.swift; sourceTree = "<group>"; };
		25A4DA1230BA55D528E93587 /* StuffBucketMac.entitlements */ = {isa = PBXFileReference; lastKnownFileType = text.plist.entitlements; path = StuffBucketMac.entitlements; sourceTree = "<group>"; };
		2AF01B94C0FF40F312225194 /* LinkArchiver.swift */ = {isa = PBXFileReference; lastKnownFileType = sourcecode.swift; path = LinkArchiver.swift; sourceTree = "<group>"; };
		2F4C286550AA4838919B3DF4 /* project.yml */ = {isa = PBXFileReference; lastKnownFileType = text.yaml; path = project.yml; sourceTree = "<group>"; };
		3229BC032C43225982B053D2 /* ContentView.swift */ = {isa = PBXFileReference; lastKnownFileType = sourcecode.swift; path = ContentView.swift; sourceTree = "<group>"; };
		3519E626243FD84BBF5EDA7F /* PersistenceController.swift */ = {isa = PBXFileReference; lastKnownFileType = sourcecode.swift; path = PersistenceController.swift; sourceTree = "<group>"; };
		362CA95B53A55DBC2BE406C0 /* StuffBucketMacShareExtension.entitlements */ = {isa = PBXFileReference; lastKnownFileType = text.plist.entitlements; path = StuffBucketMacShareExtension.entitlements; sourceTree = "<group>"; };
		395F5C4997E19A6D5275D018 /* libsqlite3.tbd */ = {isa = PBXFileReference; lastKnownFileType = "sourcecode.text-based-dylib-definition"; name = libsqlite3.tbd; path = usr/lib/libsqlite3.tbd; sourceTree = SDKROOT; };
		3967E8E4395E7A531ABB2E62 /* OpenAIClient.swift */ = {isa = PBXFileReference; lastKnownFileType = sourcecode.swift; path = OpenAIClient.swift; sourceTree = "<group>"; };
		427A151E99D8C9E78755C44F /* LinkStorage.swift */ = {isa = PBXFileReference; lastKnownFileType = sourcecode.swift; path = LinkStorage.swift; sourceTree = "<group>"; };
		4649777F76AD3EE1E9C4E3FE /* StuffBucketShareExtension.entitlements */ = {isa = PBXFileReference; lastKnownFileType = text.plist.entitlements; path = StuffBucketShareExtension.entitlements; sourceTree = "<group>"; };
		492673B57623F50F88A8ADA2 /* ItemType.swift */ = {isa = PBXFileReference; lastKnownFileType = sourcecode.swift; path = ItemType.swift; sourceTree = "<group>"; };
		4930E261A822ECF2BA2B9C65 /* SearchQueryBuilder.swift */ = {isa = PBXFileReference; lastKnownFileType = sourcecode.swift; path = SearchQueryBuilder.swift; sourceTree = "<group>"; };
		4C0B04C9F62DBD0825C38DC6 /* Info.plist */ = {isa = PBXFileReference; lastKnownFileType = text.plist; path = Info.plist; sourceTree = "<group>"; };
		4D938428DC51F63A22016D37 /* Info.plist */ = {isa = PBXFileReference; lastKnownFileType = text.plist; path = Info.plist; sourceTree = "<group>"; };
		4ECA20E7784097D2A130917E /* SearchIndexMetadata.swift */ = {isa = PBXFileReference; lastKnownFileType = sourcecode.swift; path = SearchIndexMetadata.swift; sourceTree = "<group>"; };
		59DCBC7B3D1435C4D3287924 /* ItemDetailView.swift */ = {isa = PBXFileReference; lastKnownFileType = sourcecode.swift; path = ItemDetailView.swift; sourceTree = "<group>"; };
		5AE0A3DE6401EC33AC94C171 /* StuffBucketCore.framework */ = {isa = PBXFileReference; explicitFileType = wrapper.framework; includeInIndex = 0; path = StuffBucketCore.framework; sourceTree = BUILT_PRODUCTS_DIR; };
		5FE07D9B43A9ED142BC4791E /* Implementation_Plan.md */ = {isa = PBXFileReference; lastKnownFileType = net.daringfireball.markdown; path = Implementation_Plan.md; sourceTree = "<group>"; };
		61B5AEE244404891A0F3F772 /* LinkMetadataParser.swift */ = {isa = PBXFileReference; lastKnownFileType = sourcecode.swift; path = LinkMetadataParser.swift; sourceTree = "<group>"; };
		759B8C6613B6A7906FABD215 /* Item.swift */ = {isa = PBXFileReference; lastKnownFileType = sourcecode.swift; path = Item.swift; sourceTree = "<group>"; };
		782EEF98196F744E7BA7C335 /* Info.plist */ = {isa = PBXFileReference; lastKnownFileType = text.plist; path = Info.plist; sourceTree = "<group>"; };
		79BD0E7E15F68204548BA1B4 /* Info.plist */ = {isa = PBXFileReference; lastKnownFileType = text.plist; path = Info.plist; sourceTree = "<group>"; };
		7DF1288BED3A4351F145A788 /* ShareViewController.swift */ = {isa = PBXFileReference; lastKnownFileType = sourcecode.swift; path = ShareViewController.swift; sourceTree = "<group>"; };
		84AFF605547F5932FC2491C8 /* LibrarySummary.swift */ = {isa = PBXFileReference; lastKnownFileType = sourcecode.swift; path = LibrarySummary.swift; sourceTree = "<group>"; };
		866E858862E2D5D0B3FF2A10 /* AI_Copy.md */ = {isa = PBXFileReference; lastKnownFileType = net.daringfireball.markdown; path = AI_Copy.md; sourceTree = "<group>"; };
		87ECF4AE6D652BBD6E10682D /* StuffBucket.app */ = {isa = PBXFileReference; includeInIndex = 0; lastKnownFileType = wrapper.application; path = StuffBucket.app; sourceTree = BUILT_PRODUCTS_DIR; };
		8B67CD12B29FD60DF409D87B /* StuffBucketApp.swift */ = {isa = PBXFileReference; lastKnownFileType = sourcecode.swift; path = StuffBucketApp.swift; sourceTree = "<group>"; };
		8CE026328EAC215EAEB06286 /* SearchBarView.swift */ = {isa = PBXFileReference; lastKnownFileType = sourcecode.swift; path = SearchBarView.swift; sourceTree = "<group>"; };
		8D54DC33A26DE3AF8C8BA87D /* StuffBucket.entitlements */ = {isa = PBXFileReference; lastKnownFileType = text.plist.entitlements; path = StuffBucket.entitlements; sourceTree = "<group>"; };
		8F52BD4FC676A4538452BFDB /* Assets.xcassets */ = {isa = PBXFileReference; lastKnownFileType = folder.assetcatalog; path = Assets.xcassets; sourceTree = "<group>"; };
		905F62C8A186C9FB500CDA04 /* SearchDatabase.swift */ = {isa = PBXFileReference; lastKnownFileType = sourcecode.swift; path = SearchDatabase.swift; sourceTree = "<group>"; };
		93E12DDBAC061C565DA3D21B /* StuffBucketMacShareExtension.appex */ = {isa = PBXFileReference; explicitFileType = "wrapper.app-extension"; includeInIndex = 0; path = StuffBucketMacShareExtension.appex; sourceTree = BUILT_PRODUCTS_DIR; };
		971ED3B90D0BC6EA793D9090 /* StuffBucketShareExtension.appex */ = {isa = PBXFileReference; includeInIndex = 0; lastKnownFileType = "wrapper.app-extension"; path = StuffBucketShareExtension.appex; sourceTree = BUILT_PRODUCTS_DIR; };
		98FEBE9AF2D9ED305F35501F /* StuffBucketModel.xcdatamodel */ = {isa = PBXFileReference; lastKnownFileType = wrapper.xcdatamodel; path = StuffBucketModel.xcdatamodel; sourceTree = "<group>"; };
		9B0D9ADADAD06E535CBC42CB /* ShareViewController.swift */ = {isa = PBXFileReference; lastKnownFileType = sourcecode.swift; path = ShareViewController.swift; sourceTree = "<group>"; };
		A7D95BC8968F47F9EEE076BA /* LinkStatusBadge.swift */ = {isa = PBXFileReference; lastKnownFileType = sourcecode.swift; path = LinkStatusBadge.swift; sourceTree = "<group>"; };
		B361E6BED62FB2575D9451B2 /* StuffBucketCore.framework */ = {isa = PBXFileReference; explicitFileType = wrapper.framework; includeInIndex = 0; path = StuffBucketCore.framework; sourceTree = BUILT_PRODUCTS_DIR; };
		B6D19BF8E42EED96A8C59100 /* StuffBucketTests.xctest */ = {isa = PBXFileReference; includeInIndex = 0; lastKnownFileType = wrapper.cfbundle; path = StuffBucketTests.xctest; sourceTree = BUILT_PRODUCTS_DIR; };
		BB12F39F12A0E85EF8522A4F /* SharedCaptureStore.swift */ = {isa = PBXFileReference; lastKnownFileType = sourcecode.swift; path = SharedCaptureStore.swift; sourceTree = "<group>"; };
		CD33A00B462976D52F37AEF0 /* StuffBucketMac.app */ = {isa = PBXFileReference; explicitFileType = wrapper.application; includeInIndex = 0; path = StuffBucketMac.app; sourceTree = BUILT_PRODUCTS_DIR; };
		D153F84880F3059E01BA9478 /* spec.md */ = {isa = PBXFileReference; lastKnownFileType = net.daringfireball.markdown; path = spec.md; sourceTree = "<group>"; };
		D4768A08056EEFBD1E643C51 /* SearchService.swift */ = {isa = PBXFileReference; lastKnownFileType = sourcecode.swift; path = SearchService.swift; sourceTree = "<group>"; };
		DA005B6C0E3259CDAE104D1C /* SearchIndexer.swift */ = {isa = PBXFileReference; lastKnownFileType = sourcecode.swift; path = SearchIndexer.swift; sourceTree = "<group>"; };
		DB8474DDD0F98C2D189F8BD5 /* Info.plist */ = {isa = PBXFileReference; lastKnownFileType = text.plist; path = Info.plist; sourceTree = "<group>"; };
		E2362C758E3E3EC455DA86B6 /* SearchTypes.swift */ = {isa = PBXFileReference; lastKnownFileType = sourcecode.swift; path = SearchTypes.swift; sourceTree = "<group>"; };
		E70E88CA2D3A12D3916610DF /* SafariBookmarksImporter.swift */ = {isa = PBXFileReference; lastKnownFileType = sourcecode.swift; path = SafariBookmarksImporter.swift; sourceTree = "<group>"; };
		E7D12DAD6A6B4D0D441AF4CC /* ModelDefaults.swift */ = {isa = PBXFileReference; lastKnownFileType = sourcecode.swift; path = ModelDefaults.swift; sourceTree = "<group>"; };
		EC1AEF8A7144284C59DC8A90 /* Social.framework */ = {isa = PBXFileReference; lastKnownFileType = wrapper.framework; name = Social.framework; path = System/Library/Frameworks/Social.framework; sourceTree = SDKROOT; };
		F116073320FB06FC953E4566 /* Assets.xcassets */ = {isa = PBXFileReference; lastKnownFileType = folder.assetcatalog; path = Assets.xcassets; sourceTree = "<group>"; };
		F1981F222EFC6022AFB2BDFC /* AIService.swift */ = {isa = PBXFileReference; lastKnownFileType = sourcecode.swift; path = AIService.swift; sourceTree = "<group>"; };
		F43BBF55811196859694BD81 /* StuffBucketCoreTests.swift */ = {isa = PBXFileReference; lastKnownFileType = sourcecode.swift; path = StuffBucketCoreTests.swift; sourceTree = "<group>"; };
/* End PBXFileReference section */

/* Begin PBXFrameworksBuildPhase section */
		0DE1EA897D26F2C1A872A015 /* Frameworks */ = {
			isa = PBXFrameworksBuildPhase;
			buildActionMask = 2147483647;
			files = (
				62A8E4C504E25F033A587A43 /* libsqlite3.tbd in Frameworks */,
			);
			runOnlyForDeploymentPostprocessing = 0;
		};
		1B78DCC838CCAEC500461BE9 /* Frameworks */ = {
			isa = PBXFrameworksBuildPhase;
			buildActionMask = 2147483647;
			files = (
				7A9131A8C23EBCFFCC7353CB /* StuffBucketCore.framework in Frameworks */,
			);
			runOnlyForDeploymentPostprocessing = 0;
		};
		C8BDC7844CC7A9AEE4DA4F8D /* Frameworks */ = {
			isa = PBXFrameworksBuildPhase;
			buildActionMask = 2147483647;
			files = (
				0696D7CD1C87C5C263A60B39 /* Social.framework in Frameworks */,
			);
			runOnlyForDeploymentPostprocessing = 0;
		};
		D02353989774E3419FAD5490 /* Frameworks */ = {
			isa = PBXFrameworksBuildPhase;
			buildActionMask = 2147483647;
			files = (
				CE3E34A3552642C322D5AC15 /* libsqlite3.tbd in Frameworks */,
			);
			runOnlyForDeploymentPostprocessing = 0;
		};
		E101F68876DFAAF106E90646 /* Frameworks */ = {
			isa = PBXFrameworksBuildPhase;
			buildActionMask = 2147483647;
			files = (
				5F55015554ECD27FF920B8CD /* StuffBucketCore.framework in Frameworks */,
			);
			runOnlyForDeploymentPostprocessing = 0;
		};
/* End PBXFrameworksBuildPhase section */

/* Begin PBXGroup section */
		0014BAE11E2E5827DF5BC980 /* Services */ = {
			isa = PBXGroup;
			children = (
				C972833534812387DABC039E /* AI */,
				E646CF6141C67CFB0AC039D5 /* Links */,
				D2DD0AEF9214BCD114310B66 /* Search */,
			);
			path = Services;
			sourceTree = "<group>";
		};
		04FC5FCFC956B7C8B93D7674 /* Persistence */ = {
			isa = PBXGroup;
			children = (
				3519E626243FD84BBF5EDA7F /* PersistenceController.swift */,
			);
			path = Persistence;
			sourceTree = "<group>";
		};
		080E245BCF79BD794E30C9D2 /* StuffBucketMacShareExtension */ = {
			isa = PBXGroup;
			children = (
				4D938428DC51F63A22016D37 /* Info.plist */,
				7DF1288BED3A4351F145A788 /* ShareViewController.swift */,
				362CA95B53A55DBC2BE406C0 /* StuffBucketMacShareExtension.entitlements */,
			);
			path = StuffBucketMacShareExtension;
			sourceTree = "<group>";
		};
		0ABDE505EC565A23FBB00CC0 /* Frameworks */ = {
			isa = PBXGroup;
			children = (
				395F5C4997E19A6D5275D018 /* libsqlite3.tbd */,
				EC1AEF8A7144284C59DC8A90 /* Social.framework */,
			);
			name = Frameworks;
			sourceTree = "<group>";
		};
		24CC838D606D99615078C966 /* StuffBucketShareExtension */ = {
			isa = PBXGroup;
			children = (
				782EEF98196F744E7BA7C335 /* Info.plist */,
				9B0D9ADADAD06E535CBC42CB /* ShareViewController.swift */,
				4649777F76AD3EE1E9C4E3FE /* StuffBucketShareExtension.entitlements */,
			);
			path = StuffBucketShareExtension;
			sourceTree = "<group>";
		};
		3B9BC92079099CC4EF5B5E81 /* StuffBucketShared */ = {
			isa = PBXGroup;
			children = (
				BB12F39F12A0E85EF8522A4F /* SharedCaptureStore.swift */,
			);
			path = StuffBucketShared;
			sourceTree = "<group>";
		};
		58F97F256178DB287C08565D /* Resources */ = {
			isa = PBXGroup;
			children = (
				F116073320FB06FC953E4566 /* Assets.xcassets */,
			);
			path = Resources;
			sourceTree = "<group>";
		};
		6EFAA7297755F810D76A9C6E /* Models */ = {
			isa = PBXGroup;
			children = (
				759B8C6613B6A7906FABD215 /* Item.swift */,
				492673B57623F50F88A8ADA2 /* ItemType.swift */,
				84AFF605547F5932FC2491C8 /* LibrarySummary.swift */,
				4ECA20E7784097D2A130917E /* SearchIndexMetadata.swift */,
			);
			path = Models;
			sourceTree = "<group>";
		};
		6F4EE2525767293A688A07E7 /* Tests */ = {
			isa = PBXGroup;
			children = (
				D7F74A8065CC84FF58BFD099 /* StuffBucketMacTests */,
				9FDF08EF5BB637446A3F9229 /* StuffBucketTests */,
			);
			path = Tests;
			sourceTree = "<group>";
		};
		80B168866FD1DF59D4435869 /* StuffBucketSharedUI */ = {
			isa = PBXGroup;
			children = (
				59DCBC7B3D1435C4D3287924 /* ItemDetailView.swift */,
				A7D95BC8968F47F9EEE076BA /* LinkStatusBadge.swift */,
				8CE026328EAC215EAEB06286 /* SearchBarView.swift */,
			);
			path = StuffBucketSharedUI;
			sourceTree = "<group>";
		};
		9FDF08EF5BB637446A3F9229 /* StuffBucketTests */ = {
			isa = PBXGroup;
			children = (
				F43BBF55811196859694BD81 /* StuffBucketCoreTests.swift */,
			);
			path = StuffBucketTests;
			sourceTree = "<group>";
		};
		A71F0BF113ED00C173454F8D /* StuffBucketCore */ = {
			isa = PBXGroup;
			children = (
				DB8474DDD0F98C2D189F8BD5 /* Info.plist */,
				A0E7D6443688015B5AD0915C /* StuffBucketModel.xcdatamodeld */,
				C6F72F09A2A2F5A96594719E /* Import */,
				6EFAA7297755F810D76A9C6E /* Models */,
				04FC5FCFC956B7C8B93D7674 /* Persistence */,
				0014BAE11E2E5827DF5BC980 /* Services */,
			);
			path = StuffBucketCore;
			sourceTree = "<group>";
		};
		BCD61390CB3A02A6CD4AE680 /* Resources */ = {
			isa = PBXGroup;
			children = (
				8F52BD4FC676A4538452BFDB /* Assets.xcassets */,
			);
			path = Resources;
			sourceTree = "<group>";
		};
		C6F72F09A2A2F5A96594719E /* Import */ = {
			isa = PBXGroup;
			children = (
				E70E88CA2D3A12D3916610DF /* SafariBookmarksImporter.swift */,
			);
			path = Import;
			sourceTree = "<group>";
		};
		C972833534812387DABC039E /* AI */ = {
			isa = PBXGroup;
			children = (
				F1981F222EFC6022AFB2BDFC /* AIService.swift */,
				E7D12DAD6A6B4D0D441AF4CC /* ModelDefaults.swift */,
				3967E8E4395E7A531ABB2E62 /* OpenAIClient.swift */,
			);
			path = AI;
			sourceTree = "<group>";
		};
		D2DD0AEF9214BCD114310B66 /* Search */ = {
			isa = PBXGroup;
			children = (
				905F62C8A186C9FB500CDA04 /* SearchDatabase.swift */,
				DA005B6C0E3259CDAE104D1C /* SearchIndexer.swift */,
				4930E261A822ECF2BA2B9C65 /* SearchQueryBuilder.swift */,
				D4768A08056EEFBD1E643C51 /* SearchService.swift */,
				E2362C758E3E3EC455DA86B6 /* SearchTypes.swift */,
			);
			path = Search;
			sourceTree = "<group>";
		};
		D5D6E7B2CEBD25C2D1E75A5C /* Sources */ = {
			isa = PBXGroup;
			children = (
				DC545F5B013B0E1691C06139 /* StuffBucket */,
				A71F0BF113ED00C173454F8D /* StuffBucketCore */,
				ED1FA42EFA8DBEC741532098 /* StuffBucketMac */,
				080E245BCF79BD794E30C9D2 /* StuffBucketMacShareExtension */,
				3B9BC92079099CC4EF5B5E81 /* StuffBucketShared */,
				80B168866FD1DF59D4435869 /* StuffBucketSharedUI */,
				24CC838D606D99615078C966 /* StuffBucketShareExtension */,
			);
			path = Sources;
			sourceTree = "<group>";
		};
		D7F74A8065CC84FF58BFD099 /* StuffBucketMacTests */ = {
			isa = PBXGroup;
			children = (
				09FB00910A27DBAC7AF0C1D9 /* StuffBucketCoreMacTests.swift */,
			);
			path = StuffBucketMacTests;
			sourceTree = "<group>";
		};
		DC545F5B013B0E1691C06139 /* StuffBucket */ = {
			isa = PBXGroup;
			children = (
				0AB2C2597AE76B5FA3455BC7 /* ContentView.swift */,
				4C0B04C9F62DBD0825C38DC6 /* Info.plist */,
				8D54DC33A26DE3AF8C8BA87D /* StuffBucket.entitlements */,
				8B67CD12B29FD60DF409D87B /* StuffBucketApp.swift */,
				58F97F256178DB287C08565D /* Resources */,
			);
			path = StuffBucket;
			sourceTree = "<group>";
		};
		E4DE441F8F6C82B7E781114E = {
			isa = PBXGroup;
			children = (
				866E858862E2D5D0B3FF2A10 /* AI_Copy.md */,
				5FE07D9B43A9ED142BC4791E /* Implementation_Plan.md */,
				2F4C286550AA4838919B3DF4 /* project.yml */,
				D153F84880F3059E01BA9478 /* spec.md */,
				D5D6E7B2CEBD25C2D1E75A5C /* Sources */,
				6F4EE2525767293A688A07E7 /* Tests */,
				0ABDE505EC565A23FBB00CC0 /* Frameworks */,
				F939EF66EB4CDCCE68AD04D7 /* Products */,
			);
			sourceTree = "<group>";
		};
		E646CF6141C67CFB0AC039D5 /* Links */ = {
			isa = PBXGroup;
			children = (
				2AF01B94C0FF40F312225194 /* LinkArchiver.swift */,
				61B5AEE244404891A0F3F772 /* LinkMetadataParser.swift */,
				427A151E99D8C9E78755C44F /* LinkStorage.swift */,
			);
			path = Links;
			sourceTree = "<group>";
		};
		ED1FA42EFA8DBEC741532098 /* StuffBucketMac */ = {
			isa = PBXGroup;
			children = (
				3229BC032C43225982B053D2 /* ContentView.swift */,
				79BD0E7E15F68204548BA1B4 /* Info.plist */,
				25A4DA1230BA55D528E93587 /* StuffBucketMac.entitlements */,
				026D6ACFAAE7EF7A081F6194 /* StuffBucketMacApp.swift */,
				BCD61390CB3A02A6CD4AE680 /* Resources */,
			);
			path = StuffBucketMac;
			sourceTree = "<group>";
		};
		F939EF66EB4CDCCE68AD04D7 /* Products */ = {
			isa = PBXGroup;
			children = (
				87ECF4AE6D652BBD6E10682D /* StuffBucket.app */,
				B361E6BED62FB2575D9451B2 /* StuffBucketCore.framework */,
				5AE0A3DE6401EC33AC94C171 /* StuffBucketCore.framework */,
				CD33A00B462976D52F37AEF0 /* StuffBucketMac.app */,
				93E12DDBAC061C565DA3D21B /* StuffBucketMacShareExtension.appex */,
				090F3B08EC5B484CB3FB4396 /* StuffBucketMacTests.xctest */,
				971ED3B90D0BC6EA793D9090 /* StuffBucketShareExtension.appex */,
				B6D19BF8E42EED96A8C59100 /* StuffBucketTests.xctest */,
			);
			name = Products;
			sourceTree = "<group>";
		};
/* End PBXGroup section */

/* Begin PBXNativeTarget section */
		3F56C72B5B4A4B0D9E41F3F6 /* StuffBucketShareExtension */ = {
			isa = PBXNativeTarget;
			buildConfigurationList = DD0E28AA4E4244038FE7CC3B /* Build configuration list for PBXNativeTarget "StuffBucketShareExtension" */;
			buildPhases = (
				9ECC1CF748A4330D467DABAB /* Sources */,
				C8BDC7844CC7A9AEE4DA4F8D /* Frameworks */,
			);
			buildRules = (
			);
			dependencies = (
			);
			name = StuffBucketShareExtension;
			packageProductDependencies = (
			);
			productName = StuffBucketShareExtension;
			productReference = 971ED3B90D0BC6EA793D9090 /* StuffBucketShareExtension.appex */;
			productType = "com.apple.product-type.app-extension";
		};
		8F8E123B35D0528F425DEEFD /* StuffBucketMac */ = {
			isa = PBXNativeTarget;
			buildConfigurationList = E8FCC0B022C436F31CFC276C /* Build configuration list for PBXNativeTarget "StuffBucketMac" */;
			buildPhases = (
				B0182AF0AED682027AED6199 /* Sources */,
				05FA275D0D46C61A739371C3 /* Resources */,
				1B78DCC838CCAEC500461BE9 /* Frameworks */,
				0DF436D5AE011D84102D447E /* Embed Foundation Extensions */,
				D63069500CB5D2BC44F93B6D /* Embed Frameworks */,
			);
			buildRules = (
			);
			dependencies = (
				CC7B77333ACFE568209C3E3C /* PBXTargetDependency */,
				2CA6FE39F8280C120B69A746 /* PBXTargetDependency */,
			);
			name = StuffBucketMac;
			packageProductDependencies = (
			);
			productName = StuffBucketMac;
			productReference = CD33A00B462976D52F37AEF0 /* StuffBucketMac.app */;
			productType = "com.apple.product-type.application";
		};
		94DBB6849B8450A716FBEE4B /* StuffBucketTests */ = {
			isa = PBXNativeTarget;
			buildConfigurationList = DCA7430751FEA6AD0C0E5C1A /* Build configuration list for PBXNativeTarget "StuffBucketTests" */;
			buildPhases = (
				23FBED79BCDB4FEE3C184841 /* Sources */,
			);
			buildRules = (
			);
			dependencies = (
				5FAAD35E3482AB844BDF7327 /* PBXTargetDependency */,
			);
			name = StuffBucketTests;
			packageProductDependencies = (
			);
			productName = StuffBucketTests;
			productReference = B6D19BF8E42EED96A8C59100 /* StuffBucketTests.xctest */;
			productType = "com.apple.product-type.bundle.unit-test";
		};
		BC358A3656762DACE7E742E7 /* StuffBucket */ = {
			isa = PBXNativeTarget;
			buildConfigurationList = 6881CF2C154FDDC892D03CF9 /* Build configuration list for PBXNativeTarget "StuffBucket" */;
			buildPhases = (
				0254619D04FD9DCD25075D8B /* Sources */,
				3C625B2B7CB7C6079D4C1E49 /* Resources */,
				E101F68876DFAAF106E90646 /* Frameworks */,
				C0C41CF23B1E7F917F59DE00 /* Embed Foundation Extensions */,
				9311A70D1B0D4134E31CCB5A /* Embed Frameworks */,
			);
			buildRules = (
			);
			dependencies = (
				E3A241BF543E3E19ADBC5B09 /* PBXTargetDependency */,
				D46D93369F3A4BDFDE3B7302 /* PBXTargetDependency */,
			);
			name = StuffBucket;
			packageProductDependencies = (
			);
			productName = StuffBucket;
			productReference = 87ECF4AE6D652BBD6E10682D /* StuffBucket.app */;
			productType = "com.apple.product-type.application";
		};
		D00D7A27BDD3B5A7B4B852AB /* StuffBucketCore_iOS */ = {
			isa = PBXNativeTarget;
			buildConfigurationList = FC88E000ECF0E591F439F864 /* Build configuration list for PBXNativeTarget "StuffBucketCore_iOS" */;
			buildPhases = (
				E066A7AB035FD230C5396EC0 /* Sources */,
				0DE1EA897D26F2C1A872A015 /* Frameworks */,
			);
			buildRules = (
			);
			dependencies = (
			);
			name = StuffBucketCore_iOS;
			packageProductDependencies = (
			);
			productName = StuffBucketCore_iOS;
			productReference = B361E6BED62FB2575D9451B2 /* StuffBucketCore.framework */;
			productType = "com.apple.product-type.framework";
		};
		E4B7303BB800070BB5447DCF /* StuffBucketCore_macOS */ = {
			isa = PBXNativeTarget;
			buildConfigurationList = 6B12E557C8DEF28BA698CAA3 /* Build configuration list for PBXNativeTarget "StuffBucketCore_macOS" */;
			buildPhases = (
				234EF1B28EC4C84A2F756F7F /* Sources */,
				D02353989774E3419FAD5490 /* Frameworks */,
			);
			buildRules = (
			);
			dependencies = (
			);
			name = StuffBucketCore_macOS;
			packageProductDependencies = (
			);
			productName = StuffBucketCore_macOS;
			productReference = 5AE0A3DE6401EC33AC94C171 /* StuffBucketCore.framework */;
			productType = "com.apple.product-type.framework";
		};
		F3A800812C683F10CCE9E9B3 /* StuffBucketMacShareExtension */ = {
			isa = PBXNativeTarget;
			buildConfigurationList = E7FBF7DD3742969009C14542 /* Build configuration list for PBXNativeTarget "StuffBucketMacShareExtension" */;
			buildPhases = (
				0C2B310EC923B2B92A7EEF8D /* Sources */,
			);
			buildRules = (
			);
			dependencies = (
			);
			name = StuffBucketMacShareExtension;
			packageProductDependencies = (
			);
			productName = StuffBucketMacShareExtension;
			productReference = 93E12DDBAC061C565DA3D21B /* StuffBucketMacShareExtension.appex */;
			productType = "com.apple.product-type.app-extension";
		};
		FE45539800E49F7A1160CD6D /* StuffBucketMacTests */ = {
			isa = PBXNativeTarget;
			buildConfigurationList = C8AC093FE25F212338036A9E /* Build configuration list for PBXNativeTarget "StuffBucketMacTests" */;
			buildPhases = (
				5CAA7C57598369E08D1171C6 /* Sources */,
			);
			buildRules = (
			);
			dependencies = (
				203B02FCAB13BE9235B95F05 /* PBXTargetDependency */,
			);
			name = StuffBucketMacTests;
			packageProductDependencies = (
			);
			productName = StuffBucketMacTests;
			productReference = 090F3B08EC5B484CB3FB4396 /* StuffBucketMacTests.xctest */;
			productType = "com.apple.product-type.bundle.unit-test";
		};
/* End PBXNativeTarget section */

/* Begin PBXProject section */
		EC99472ADB6FCA1746DD99A8 /* Project object */ = {
			isa = PBXProject;
			attributes = {
				BuildIndependentTargetsInParallel = YES;
				LastUpgradeCheck = 1430;
				TargetAttributes = {
					3F56C72B5B4A4B0D9E41F3F6 = {
						DevelopmentTeam = V37U525228;
						ProvisioningStyle = Automatic;
					};
					8F8E123B35D0528F425DEEFD = {
						ProvisioningStyle = Automatic;
					};
					BC358A3656762DACE7E742E7 = {
						DevelopmentTeam = V37U525228;
						ProvisioningStyle = Automatic;
					};
					F3A800812C683F10CCE9E9B3 = {
						DevelopmentTeam = V37U525228;
						ProvisioningStyle = Automatic;
					};
				};
			};
			buildConfigurationList = A1F78AC379F48B064C7655BB /* Build configuration list for PBXProject "StuffBucket" */;
			compatibilityVersion = "Xcode 14.0";
			developmentRegion = en;
			hasScannedForEncodings = 0;
			knownRegions = (
				Base,
				en,
			);
			mainGroup = E4DE441F8F6C82B7E781114E;
			minimizedProjectReferenceProxies = 1;
			projectDirPath = "";
			projectRoot = "";
			targets = (
				BC358A3656762DACE7E742E7 /* StuffBucket */,
				D00D7A27BDD3B5A7B4B852AB /* StuffBucketCore_iOS */,
				E4B7303BB800070BB5447DCF /* StuffBucketCore_macOS */,
				8F8E123B35D0528F425DEEFD /* StuffBucketMac */,
				F3A800812C683F10CCE9E9B3 /* StuffBucketMacShareExtension */,
				FE45539800E49F7A1160CD6D /* StuffBucketMacTests */,
				3F56C72B5B4A4B0D9E41F3F6 /* StuffBucketShareExtension */,
				94DBB6849B8450A716FBEE4B /* StuffBucketTests */,
			);
		};
/* End PBXProject section */

/* Begin PBXResourcesBuildPhase section */
		05FA275D0D46C61A739371C3 /* Resources */ = {
			isa = PBXResourcesBuildPhase;
			buildActionMask = 2147483647;
			files = (
				184AA3E4FDEA06A44BDBFCC8 /* Assets.xcassets in Resources */,
			);
			runOnlyForDeploymentPostprocessing = 0;
		};
		3C625B2B7CB7C6079D4C1E49 /* Resources */ = {
			isa = PBXResourcesBuildPhase;
			buildActionMask = 2147483647;
			files = (
				23AAA931C77F030BB05A7A1C /* Assets.xcassets in Resources */,
			);
			runOnlyForDeploymentPostprocessing = 0;
		};
/* End PBXResourcesBuildPhase section */

/* Begin PBXSourcesBuildPhase section */
		0254619D04FD9DCD25075D8B /* Sources */ = {
			isa = PBXSourcesBuildPhase;
			buildActionMask = 2147483647;
			files = (
				C5523BBEEFEA8580CF55986C /* ContentView.swift in Sources */,
				6DD4DF259E5BFA400116A1EB /* ItemDetailView.swift in Sources */,
				75D21B3A9853C120555F781D /* LinkStatusBadge.swift in Sources */,
				3E13D18149A2F3D4D040D8D8 /* SearchBarView.swift in Sources */,
				A58B7B11FF9D05D5D88ABC61 /* SharedCaptureStore.swift in Sources */,
				6684A51D3E6853AA9C05B79A /* StuffBucketApp.swift in Sources */,
			);
			runOnlyForDeploymentPostprocessing = 0;
		};
		0C2B310EC923B2B92A7EEF8D /* Sources */ = {
			isa = PBXSourcesBuildPhase;
			buildActionMask = 2147483647;
			files = (
				8EE483CB89F18849A66F8AB8 /* ShareViewController.swift in Sources */,
				0F55D1A2F13947D0394C501F /* SharedCaptureStore.swift in Sources */,
			);
			runOnlyForDeploymentPostprocessing = 0;
		};
		234EF1B28EC4C84A2F756F7F /* Sources */ = {
			isa = PBXSourcesBuildPhase;
			buildActionMask = 2147483647;
			files = (
				DC8A8AA04064C930F4AB54EE /* AIService.swift in Sources */,
				7D265F05B8433408B87BEA95 /* Item.swift in Sources */,
				1629127A33E68B72BE6B0797 /* ItemType.swift in Sources */,
				CDC82418C4C9FF5238579ED7 /* LibrarySummary.swift in Sources */,
				AACA028DDA00DE54A4DA6C38 /* LinkArchiver.swift in Sources */,
				621E0E2B76F2A6F7C0EC12B2 /* LinkMetadataParser.swift in Sources */,
				A3616876C4CA9FDE6E590941 /* LinkStorage.swift in Sources */,
				D2AA894706968FC3D078E99D /* ModelDefaults.swift in Sources */,
				A4B7752A6E94C6C1939AB68E /* OpenAIClient.swift in Sources */,
				D46EBD7F3E366F2E7B3C8FE9 /* PersistenceController.swift in Sources */,
				BF0A039D793E0C0E4F733F1E /* SafariBookmarksImporter.swift in Sources */,
				D7AB4EEB19D2B702E1B4D902 /* SearchDatabase.swift in Sources */,
				06C3CC56E338C56F4990B8BD /* SearchIndexMetadata.swift in Sources */,
				E5A30EB1358147F2E89BA621 /* SearchIndexer.swift in Sources */,
				85DE227A7108CCF34C637DFD /* SearchQueryBuilder.swift in Sources */,
				648AA9C43B4433FBC71003D3 /* SearchService.swift in Sources */,
				4A8A152DBF678089079E23FA /* SearchTypes.swift in Sources */,
				636A5458895A0EFAB3548B53 /* StuffBucketModel.xcdatamodeld in Sources */,
			);
			runOnlyForDeploymentPostprocessing = 0;
		};
		23FBED79BCDB4FEE3C184841 /* Sources */ = {
			isa = PBXSourcesBuildPhase;
			buildActionMask = 2147483647;
			files = (
				F545F48693406383B085E724 /* StuffBucketCoreTests.swift in Sources */,
			);
			runOnlyForDeploymentPostprocessing = 0;
		};
		5CAA7C57598369E08D1171C6 /* Sources */ = {
			isa = PBXSourcesBuildPhase;
			buildActionMask = 2147483647;
			files = (
				45DF98E80EF17852BE3498AD /* StuffBucketCoreMacTests.swift in Sources */,
			);
			runOnlyForDeploymentPostprocessing = 0;
		};
		9ECC1CF748A4330D467DABAB /* Sources */ = {
			isa = PBXSourcesBuildPhase;
			buildActionMask = 2147483647;
			files = (
				7EBC56EFA9BBBEDFF339E2EB /* ShareViewController.swift in Sources */,
				0DAD5813CCC54F7369D1D93E /* SharedCaptureStore.swift in Sources */,
			);
			runOnlyForDeploymentPostprocessing = 0;
		};
		B0182AF0AED682027AED6199 /* Sources */ = {
			isa = PBXSourcesBuildPhase;
			buildActionMask = 2147483647;
			files = (
				FABB5C46F68A88842020892B /* ContentView.swift in Sources */,
				2EF760054F3B6D1BDC9442D5 /* ItemDetailView.swift in Sources */,
				04C1F20034405ECDAA03582D /* LinkStatusBadge.swift in Sources */,
				37B561B46F79E7E0FBE37F02 /* SearchBarView.swift in Sources */,
				7EEFA8A7ED48AB7844FEC2C5 /* SharedCaptureStore.swift in Sources */,
				D6C860C37CC33E7DE7EAADCF /* StuffBucketMacApp.swift in Sources */,
			);
			runOnlyForDeploymentPostprocessing = 0;
		};
		E066A7AB035FD230C5396EC0 /* Sources */ = {
			isa = PBXSourcesBuildPhase;
			buildActionMask = 2147483647;
			files = (
				1684E9613F720EDFB183041E /* AIService.swift in Sources */,
				71EACB034052AEA96271B70A /* Item.swift in Sources */,
				91F3C3288D3140283B8352B4 /* ItemType.swift in Sources */,
				4D7F7071C5B3C4A38ED552CD /* LibrarySummary.swift in Sources */,
				23CB31D0AFC51333762153AF /* LinkArchiver.swift in Sources */,
				1057C6B010B8BF21AB3CE383 /* LinkMetadataParser.swift in Sources */,
				68D366FE1C7032E99FCC17EA /* LinkStorage.swift in Sources */,
				CCEFAF9BDCB0665F0DE35AD5 /* ModelDefaults.swift in Sources */,
				4A2310E940D292587003DBAA /* OpenAIClient.swift in Sources */,
				E12947893CCC16D9108DDBF3 /* PersistenceController.swift in Sources */,
				44B63DF7EA7517242F967299 /* SafariBookmarksImporter.swift in Sources */,
				43E74AD975C0A0ECD9F1F898 /* SearchDatabase.swift in Sources */,
				865A957FA76BE7E7AFBF645A /* SearchIndexMetadata.swift in Sources */,
				E1D7292B327AE124B4D139DE /* SearchIndexer.swift in Sources */,
				966376487199F9084473382B /* SearchQueryBuilder.swift in Sources */,
				F2D713C24B245503BD6058C9 /* SearchService.swift in Sources */,
				3DB1EAC92B925A9163115A56 /* SearchTypes.swift in Sources */,
				0B636D62485E37CA9AB95AEC /* StuffBucketModel.xcdatamodeld in Sources */,
			);
			runOnlyForDeploymentPostprocessing = 0;
		};
/* End PBXSourcesBuildPhase section */

/* Begin PBXTargetDependency section */
		203B02FCAB13BE9235B95F05 /* PBXTargetDependency */ = {
			isa = PBXTargetDependency;
			target = 8F8E123B35D0528F425DEEFD /* StuffBucketMac */;
			targetProxy = E741FA849ECFE7C7879C6FF8 /* PBXContainerItemProxy */;
		};
		2CA6FE39F8280C120B69A746 /* PBXTargetDependency */ = {
			isa = PBXTargetDependency;
			target = F3A800812C683F10CCE9E9B3 /* StuffBucketMacShareExtension */;
			targetProxy = C7201B5D9C42364FC54A1C55 /* PBXContainerItemProxy */;
		};
		5FAAD35E3482AB844BDF7327 /* PBXTargetDependency */ = {
			isa = PBXTargetDependency;
			target = BC358A3656762DACE7E742E7 /* StuffBucket */;
			targetProxy = A647AB5E258C5D9B3F51EA7E /* PBXContainerItemProxy */;
		};
		CC7B77333ACFE568209C3E3C /* PBXTargetDependency */ = {
			isa = PBXTargetDependency;
			target = E4B7303BB800070BB5447DCF /* StuffBucketCore_macOS */;
			targetProxy = 5B47C2D25DCB1CA4C0CE1129 /* PBXContainerItemProxy */;
		};
		D46D93369F3A4BDFDE3B7302 /* PBXTargetDependency */ = {
			isa = PBXTargetDependency;
			target = 3F56C72B5B4A4B0D9E41F3F6 /* StuffBucketShareExtension */;
			targetProxy = 9256FBB07884CB066EFEEB59 /* PBXContainerItemProxy */;
		};
		E3A241BF543E3E19ADBC5B09 /* PBXTargetDependency */ = {
			isa = PBXTargetDependency;
			target = D00D7A27BDD3B5A7B4B852AB /* StuffBucketCore_iOS */;
			targetProxy = 307EA3B8FD8A69FBFEF3A4DF /* PBXContainerItemProxy */;
		};
/* End PBXTargetDependency section */

/* Begin XCBuildConfiguration section */
		126E1DF9A6A82C322375556E /* Release */ = {
			isa = XCBuildConfiguration;
			buildSettings = {
				BUNDLE_LOADER = "$(TEST_HOST)";
				COMBINE_HIDPI_IMAGES = YES;
				GENERATE_INFOPLIST_FILE = YES;
				LD_RUNPATH_SEARCH_PATHS = (
					"$(inherited)",
					"@executable_path/../Frameworks",
					"@loader_path/../Frameworks",
				);
				PRODUCT_BUNDLE_IDENTIFIER = com.digitalhandstand.stuffbucket.app.mactests;
				SDKROOT = macosx;
				SUPPORTED_PLATFORMS = macosx;
				SUPPORTS_MACCATALYST = NO;
				SUPPORTS_MAC_DESIGNED_FOR_IPHONE_IPAD = NO;
				TARGETED_DEVICE_FAMILY = "";
				TEST_HOST = "$(BUILT_PRODUCTS_DIR)/StuffBucketMac.app/Contents/MacOS/StuffBucketMac";
			};
			name = Release;
		};
		1F3BED45AFA69EE419259D1D /* Release */ = {
			isa = XCBuildConfiguration;
			buildSettings = {
				BUNDLE_LOADER = "$(TEST_HOST)";
				GENERATE_INFOPLIST_FILE = YES;
				LD_RUNPATH_SEARCH_PATHS = (
					"$(inherited)",
					"@executable_path/Frameworks",
					"@loader_path/Frameworks",
				);
				PRODUCT_BUNDLE_IDENTIFIER = com.digitalhandstand.stuffbucket.app.tests;
				SDKROOT = iphoneos;
				SUPPORTED_PLATFORMS = "iphoneos iphonesimulator";
				SUPPORTS_MACCATALYST = NO;
				SUPPORTS_MAC_DESIGNED_FOR_IPHONE_IPAD = YES;
				SUPPORTS_XR_DESIGNED_FOR_IPHONE_IPAD = YES;
				TARGETED_DEVICE_FAMILY = "1,2";
				TEST_HOST = "$(BUILT_PRODUCTS_DIR)/StuffBucket.app/StuffBucket";
			};
			name = Release;
		};
		31E6CD10C630DC76F9328420 /* Debug */ = {
			isa = XCBuildConfiguration;
			buildSettings = {
				CODE_SIGN_IDENTITY = "";
				CURRENT_PROJECT_VERSION = 1;
				DEAD_CODE_STRIPPING = YES;
				DEFINES_MODULE = YES;
				DYLIB_COMPATIBILITY_VERSION = 1;
				DYLIB_CURRENT_VERSION = 1;
				DYLIB_INSTALL_NAME_BASE = "@rpath";
				ENABLE_MODULE_VERIFIER = YES;
				INFOPLIST_FILE = Sources/StuffBucketCore/Info.plist;
				INSTALL_PATH = "$(LOCAL_LIBRARY_DIR)/Frameworks";
				LD_RUNPATH_SEARCH_PATHS = (
					"$(inherited)",
					"@executable_path/Frameworks",
				);
				MODULE_VERIFIER_SUPPORTED_LANGUAGE_STANDARDS = "gnu11 gnu++14";
				PRODUCT_BUNDLE_IDENTIFIER = com.stuffbucket.StuffBucketCore;
				PRODUCT_NAME = StuffBucketCore;
				SDKROOT = iphoneos;
				SKIP_INSTALL = YES;
				TARGETED_DEVICE_FAMILY = "1,2";
				VERSIONING_SYSTEM = "apple-generic";
			};
			name = Debug;
		};
		59134FD4E9C792E5750BA163 /* Release */ = {
			isa = XCBuildConfiguration;
			buildSettings = {
				APPLICATION_EXTENSION_API_ONLY = YES;
				CODE_SIGN_ENTITLEMENTS = Sources/StuffBucketMacShareExtension/StuffBucketMacShareExtension.entitlements;
				CODE_SIGN_STYLE = Automatic;
				COMBINE_HIDPI_IMAGES = YES;
				DEVELOPMENT_TEAM = V37U525228;
				INFOPLIST_FILE = Sources/StuffBucketMacShareExtension/Info.plist;
				LD_RUNPATH_SEARCH_PATHS = (
					"$(inherited)",
					"@executable_path/../Frameworks",
					"@executable_path/../../../../Frameworks",
				);
				PRODUCT_BUNDLE_IDENTIFIER = com.digitalhandstand.stuffbucket.app.mac.share;
				SDKROOT = macosx;
				SUPPORTED_PLATFORMS = macosx;
				SUPPORTS_MACCATALYST = NO;
				SUPPORTS_MAC_DESIGNED_FOR_IPHONE_IPAD = NO;
				TARGETED_DEVICE_FAMILY = "";
			};
			name = Release;
		};
		5995FB1BBBED7497D4A965A4 /* Release */ = {
			isa = XCBuildConfiguration;
			buildSettings = {
				ASSETCATALOG_COMPILER_APPICON_NAME = AppIcon;
				CODE_SIGN_ENTITLEMENTS = Sources/StuffBucketMac/StuffBucketMac.entitlements;
				CODE_SIGN_STYLE = Automatic;
				COMBINE_HIDPI_IMAGES = YES;
				DEAD_CODE_STRIPPING = YES;
				DEVELOPMENT_TEAM = V37U525228;
				INFOPLIST_FILE = Sources/StuffBucketMac/Info.plist;
				LD_RUNPATH_SEARCH_PATHS = (
					"$(inherited)",
					"@executable_path/../Frameworks",
				);
				PRODUCT_BUNDLE_IDENTIFIER = com.digitalhandstand.stuffbucket.app.mac;
				SDKROOT = auto;
				SUPPORTED_PLATFORMS = macosx;
				SUPPORTS_MACCATALYST = NO;
				SUPPORTS_MAC_DESIGNED_FOR_IPHONE_IPAD = NO;
				TARGETED_DEVICE_FAMILY = "";
			};
			name = Release;
		};
		6B1AE6EF339B1DEAD3B97FF7 /* Debug */ = {
			isa = XCBuildConfiguration;
			buildSettings = {
				ASSETCATALOG_COMPILER_APPICON_NAME = AppIcon;
				CODE_SIGN_ENTITLEMENTS = Sources/StuffBucket/StuffBucket.entitlements;
				CODE_SIGN_IDENTITY = "iPhone Developer";
				CODE_SIGN_STYLE = Automatic;
				DEAD_CODE_STRIPPING = YES;
				DEVELOPMENT_TEAM = V37U525228;
				INFOPLIST_FILE = Sources/StuffBucket/Info.plist;
				LD_RUNPATH_SEARCH_PATHS = (
					"$(inherited)",
					"@executable_path/Frameworks",
				);
				PRODUCT_BUNDLE_IDENTIFIER = com.digitalhandstand.stuffbucket.app;
				SDKROOT = auto;
				SUPPORTED_PLATFORMS = "iphoneos iphonesimulator";
				SUPPORTS_MACCATALYST = NO;
				SUPPORTS_MAC_DESIGNED_FOR_IPHONE_IPAD = YES;
				SUPPORTS_XR_DESIGNED_FOR_IPHONE_IPAD = YES;
				TARGETED_DEVICE_FAMILY = "1,2";
			};
			name = Debug;
		};
		880879BC0BC4EA2A09CB2923 /* Release */ = {
			isa = XCBuildConfiguration;
			buildSettings = {
				ASSETCATALOG_COMPILER_APPICON_NAME = AppIcon;
				CODE_SIGN_ENTITLEMENTS = Sources/StuffBucket/StuffBucket.entitlements;
				CODE_SIGN_IDENTITY = "iPhone Developer";
				CODE_SIGN_STYLE = Automatic;
				DEAD_CODE_STRIPPING = YES;
				DEVELOPMENT_TEAM = V37U525228;
				INFOPLIST_FILE = Sources/StuffBucket/Info.plist;
				LD_RUNPATH_SEARCH_PATHS = (
					"$(inherited)",
					"@executable_path/Frameworks",
				);
				PRODUCT_BUNDLE_IDENTIFIER = com.digitalhandstand.stuffbucket.app;
				SDKROOT = auto;
				SUPPORTED_PLATFORMS = "iphoneos iphonesimulator";
				SUPPORTS_MACCATALYST = NO;
				SUPPORTS_MAC_DESIGNED_FOR_IPHONE_IPAD = YES;
				SUPPORTS_XR_DESIGNED_FOR_IPHONE_IPAD = YES;
				TARGETED_DEVICE_FAMILY = "1,2";
			};
			name = Release;
		};
		8D850C99D1DDC0DCF4BEF1D5 /* Release */ = {
			isa = XCBuildConfiguration;
			buildSettings = {
				CODE_SIGN_IDENTITY = "";
				COMBINE_HIDPI_IMAGES = YES;
				CURRENT_PROJECT_VERSION = 1;
				DEAD_CODE_STRIPPING = YES;
				DEFINES_MODULE = YES;
				DYLIB_COMPATIBILITY_VERSION = 1;
				DYLIB_CURRENT_VERSION = 1;
				DYLIB_INSTALL_NAME_BASE = "@rpath";
				ENABLE_MODULE_VERIFIER = YES;
				INFOPLIST_FILE = Sources/StuffBucketCore/Info.plist;
				INSTALL_PATH = "$(LOCAL_LIBRARY_DIR)/Frameworks";
				LD_RUNPATH_SEARCH_PATHS = (
					"$(inherited)",
					"@executable_path/../Frameworks",
				);
				MODULE_VERIFIER_SUPPORTED_LANGUAGE_STANDARDS = "gnu11 gnu++14";
				PRODUCT_BUNDLE_IDENTIFIER = com.stuffbucket.StuffBucketCore;
				PRODUCT_NAME = StuffBucketCore;
				SDKROOT = macosx;
				SKIP_INSTALL = YES;
				VERSIONING_SYSTEM = "apple-generic";
			};
			name = Release;
		};
		9308F1FDC890A7000460ACBD /* Debug */ = {
			isa = XCBuildConfiguration;
			buildSettings = {
				ASSETCATALOG_COMPILER_APPICON_NAME = AppIcon;
				CODE_SIGN_ENTITLEMENTS = Sources/StuffBucketMac/StuffBucketMac.entitlements;
				CODE_SIGN_STYLE = Automatic;
				COMBINE_HIDPI_IMAGES = YES;
				DEAD_CODE_STRIPPING = YES;
				DEVELOPMENT_TEAM = V37U525228;
				INFOPLIST_FILE = Sources/StuffBucketMac/Info.plist;
				LD_RUNPATH_SEARCH_PATHS = (
					"$(inherited)",
					"@executable_path/../Frameworks",
				);
				PRODUCT_BUNDLE_IDENTIFIER = com.digitalhandstand.stuffbucket.app.mac;
				SDKROOT = auto;
				SUPPORTED_PLATFORMS = macosx;
				SUPPORTS_MACCATALYST = NO;
				SUPPORTS_MAC_DESIGNED_FOR_IPHONE_IPAD = NO;
				TARGETED_DEVICE_FAMILY = "";
			};
			name = Debug;
		};
		A80D4AA2B8E873D842635075 /* Debug */ = {
			isa = XCBuildConfiguration;
			buildSettings = {
				BUNDLE_LOADER = "$(TEST_HOST)";
				COMBINE_HIDPI_IMAGES = YES;
				GENERATE_INFOPLIST_FILE = YES;
				LD_RUNPATH_SEARCH_PATHS = (
					"$(inherited)",
					"@executable_path/../Frameworks",
					"@loader_path/../Frameworks",
				);
				PRODUCT_BUNDLE_IDENTIFIER = com.digitalhandstand.stuffbucket.app.mactests;
				SDKROOT = macosx;
				SUPPORTED_PLATFORMS = macosx;
				SUPPORTS_MACCATALYST = NO;
				SUPPORTS_MAC_DESIGNED_FOR_IPHONE_IPAD = NO;
				TARGETED_DEVICE_FAMILY = "";
				TEST_HOST = "$(BUILT_PRODUCTS_DIR)/StuffBucketMac.app/Contents/MacOS/StuffBucketMac";
			};
			name = Debug;
		};
		B0B8D754AF8B6EB830B48D33 /* Debug */ = {
			isa = XCBuildConfiguration;
			buildSettings = {
				APPLICATION_EXTENSION_API_ONLY = YES;
				CODE_SIGN_ENTITLEMENTS = Sources/StuffBucketMacShareExtension/StuffBucketMacShareExtension.entitlements;
				CODE_SIGN_STYLE = Automatic;
				COMBINE_HIDPI_IMAGES = YES;
				DEVELOPMENT_TEAM = V37U525228;
				INFOPLIST_FILE = Sources/StuffBucketMacShareExtension/Info.plist;
				LD_RUNPATH_SEARCH_PATHS = (
					"$(inherited)",
					"@executable_path/../Frameworks",
					"@executable_path/../../../../Frameworks",
				);
				PRODUCT_BUNDLE_IDENTIFIER = com.digitalhandstand.stuffbucket.app.mac.share;
				SDKROOT = macosx;
				SUPPORTED_PLATFORMS = macosx;
				SUPPORTS_MACCATALYST = NO;
				SUPPORTS_MAC_DESIGNED_FOR_IPHONE_IPAD = NO;
				TARGETED_DEVICE_FAMILY = "";
			};
			name = Debug;
		};
		B2E5D0307A371E83A9A502EE /* Debug */ = {
			isa = XCBuildConfiguration;
			buildSettings = {
				ALWAYS_SEARCH_USER_PATHS = NO;
				CLANG_ANALYZER_NONNULL = YES;
				CLANG_ANALYZER_NUMBER_OBJECT_CONVERSION = YES_AGGRESSIVE;
				CLANG_CXX_LANGUAGE_STANDARD = "gnu++14";
				CLANG_CXX_LIBRARY = "libc++";
				CLANG_ENABLE_MODULES = YES;
				CLANG_ENABLE_OBJC_ARC = YES;
				CLANG_ENABLE_OBJC_WEAK = YES;
				CLANG_WARN_BLOCK_CAPTURE_AUTORELEASING = YES;
				CLANG_WARN_BOOL_CONVERSION = YES;
				CLANG_WARN_COMMA = YES;
				CLANG_WARN_CONSTANT_CONVERSION = YES;
				CLANG_WARN_DEPRECATED_OBJC_IMPLEMENTATIONS = YES;
				CLANG_WARN_DIRECT_OBJC_ISA_USAGE = YES_ERROR;
				CLANG_WARN_DOCUMENTATION_COMMENTS = YES;
				CLANG_WARN_EMPTY_BODY = YES;
				CLANG_WARN_ENUM_CONVERSION = YES;
				CLANG_WARN_INFINITE_RECURSION = YES;
				CLANG_WARN_INT_CONVERSION = YES;
				CLANG_WARN_NON_LITERAL_NULL_CONVERSION = YES;
				CLANG_WARN_OBJC_IMPLICIT_RETAIN_SELF = YES;
				CLANG_WARN_OBJC_LITERAL_CONVERSION = YES;
				CLANG_WARN_OBJC_ROOT_CLASS = YES_ERROR;
				CLANG_WARN_QUOTED_INCLUDE_IN_FRAMEWORK_HEADER = YES;
				CLANG_WARN_RANGE_LOOP_ANALYSIS = YES;
				CLANG_WARN_STRICT_PROTOTYPES = YES;
				CLANG_WARN_SUSPICIOUS_MOVE = YES;
				CLANG_WARN_UNGUARDED_AVAILABILITY = YES_AGGRESSIVE;
				CLANG_WARN_UNREACHABLE_CODE = YES;
				CLANG_WARN__DUPLICATE_METHOD_MATCH = YES;
				COPY_PHASE_STRIP = NO;
				DEAD_CODE_STRIPPING = YES;
				DEBUG_INFORMATION_FORMAT = dwarf;
				ENABLE_STRICT_OBJC_MSGSEND = YES;
				ENABLE_TESTABILITY = YES;
				ENABLE_USER_SCRIPT_SANDBOXING = YES;
				GCC_C_LANGUAGE_STANDARD = gnu11;
				GCC_DYNAMIC_NO_PIC = NO;
				GCC_NO_COMMON_BLOCKS = YES;
				GCC_OPTIMIZATION_LEVEL = 0;
				GCC_PREPROCESSOR_DEFINITIONS = (
					"$(inherited)",
					"DEBUG=1",
				);
				GCC_WARN_64_TO_32_BIT_CONVERSION = YES;
				GCC_WARN_ABOUT_RETURN_TYPE = YES_ERROR;
				GCC_WARN_UNDECLARED_SELECTOR = YES;
				GCC_WARN_UNINITIALIZED_AUTOS = YES_AGGRESSIVE;
				GCC_WARN_UNUSED_FUNCTION = YES;
				GCC_WARN_UNUSED_VARIABLE = YES;
				IPHONEOS_DEPLOYMENT_TARGET = 17.0;
				MACOSX_DEPLOYMENT_TARGET = 14.0;
				MTL_ENABLE_DEBUG_INFO = INCLUDE_SOURCE;
				MTL_FAST_MATH = YES;
				ONLY_ACTIVE_ARCH = YES;
				PRODUCT_NAME = "$(TARGET_NAME)";
				STRING_CATALOG_GENERATE_SYMBOLS = YES;
				SWIFT_ACTIVE_COMPILATION_CONDITIONS = DEBUG;
				SWIFT_OPTIMIZATION_LEVEL = "-Onone";
				SWIFT_VERSION = 5.9;
			};
			name = Debug;
		};
		B9465C880BD4B4387683B3FC /* Debug */ = {
			isa = XCBuildConfiguration;
			buildSettings = {
				BUNDLE_LOADER = "$(TEST_HOST)";
				GENERATE_INFOPLIST_FILE = YES;
				LD_RUNPATH_SEARCH_PATHS = (
					"$(inherited)",
					"@executable_path/Frameworks",
					"@loader_path/Frameworks",
				);
				PRODUCT_BUNDLE_IDENTIFIER = com.digitalhandstand.stuffbucket.app.tests;
				SDKROOT = iphoneos;
				SUPPORTED_PLATFORMS = "iphoneos iphonesimulator";
				SUPPORTS_MACCATALYST = NO;
				SUPPORTS_MAC_DESIGNED_FOR_IPHONE_IPAD = YES;
				SUPPORTS_XR_DESIGNED_FOR_IPHONE_IPAD = YES;
				TARGETED_DEVICE_FAMILY = "1,2";
				TEST_HOST = "$(BUILT_PRODUCTS_DIR)/StuffBucket.app/StuffBucket";
			};
			name = Debug;
		};
		CA6E0669BC91BAF7918FD7A8 /* Release */ = {
			isa = XCBuildConfiguration;
			buildSettings = {
				CODE_SIGN_IDENTITY = "";
				CURRENT_PROJECT_VERSION = 1;
				DEAD_CODE_STRIPPING = YES;
				DEFINES_MODULE = YES;
				DYLIB_COMPATIBILITY_VERSION = 1;
				DYLIB_CURRENT_VERSION = 1;
				DYLIB_INSTALL_NAME_BASE = "@rpath";
				ENABLE_MODULE_VERIFIER = YES;
				INFOPLIST_FILE = Sources/StuffBucketCore/Info.plist;
				INSTALL_PATH = "$(LOCAL_LIBRARY_DIR)/Frameworks";
				LD_RUNPATH_SEARCH_PATHS = (
					"$(inherited)",
					"@executable_path/Frameworks",
				);
				MODULE_VERIFIER_SUPPORTED_LANGUAGE_STANDARDS = "gnu11 gnu++14";
				PRODUCT_BUNDLE_IDENTIFIER = com.stuffbucket.StuffBucketCore;
				PRODUCT_NAME = StuffBucketCore;
				SDKROOT = iphoneos;
				SKIP_INSTALL = YES;
				TARGETED_DEVICE_FAMILY = "1,2";
				VERSIONING_SYSTEM = "apple-generic";
			};
			name = Release;
		};
		CECB559547D602433A64EFE9 /* Debug */ = {
			isa = XCBuildConfiguration;
			buildSettings = {
				APPLICATION_EXTENSION_API_ONLY = YES;
				CODE_SIGN_ENTITLEMENTS = Sources/StuffBucketShareExtension/StuffBucketShareExtension.entitlements;
				CODE_SIGN_STYLE = Automatic;
				DEVELOPMENT_TEAM = V37U525228;
				INFOPLIST_FILE = Sources/StuffBucketShareExtension/Info.plist;
				LD_RUNPATH_SEARCH_PATHS = (
					"$(inherited)",
					"@executable_path/Frameworks",
					"@executable_path/../../Frameworks",
				);
				PRODUCT_BUNDLE_IDENTIFIER = com.digitalhandstand.stuffbucket.app.share;
				SDKROOT = iphoneos;
				SUPPORTED_PLATFORMS = "iphoneos iphonesimulator";
				SUPPORTS_MACCATALYST = NO;
				SUPPORTS_MAC_DESIGNED_FOR_IPHONE_IPAD = YES;
				SUPPORTS_XR_DESIGNED_FOR_IPHONE_IPAD = YES;
				TARGETED_DEVICE_FAMILY = "1,2";
			};
			name = Debug;
		};
		D0C7B42FA3BF5C8009ED7A2D /* Release */ = {
			isa = XCBuildConfiguration;
			buildSettings = {
				APPLICATION_EXTENSION_API_ONLY = YES;
				CODE_SIGN_ENTITLEMENTS = Sources/StuffBucketShareExtension/StuffBucketShareExtension.entitlements;
				CODE_SIGN_STYLE = Automatic;
				DEVELOPMENT_TEAM = V37U525228;
				INFOPLIST_FILE = Sources/StuffBucketShareExtension/Info.plist;
				LD_RUNPATH_SEARCH_PATHS = (
					"$(inherited)",
					"@executable_path/Frameworks",
					"@executable_path/../../Frameworks",
				);
				PRODUCT_BUNDLE_IDENTIFIER = com.digitalhandstand.stuffbucket.app.share;
				SDKROOT = iphoneos;
				SUPPORTED_PLATFORMS = "iphoneos iphonesimulator";
				SUPPORTS_MACCATALYST = NO;
				SUPPORTS_MAC_DESIGNED_FOR_IPHONE_IPAD = YES;
				SUPPORTS_XR_DESIGNED_FOR_IPHONE_IPAD = YES;
				TARGETED_DEVICE_FAMILY = "1,2";
			};
			name = Release;
		};
		D1BD4AE71F8F8EBAB469F7D6 /* Release */ = {
			isa = XCBuildConfiguration;
			buildSettings = {
				ALWAYS_SEARCH_USER_PATHS = NO;
				CLANG_ANALYZER_NONNULL = YES;
				CLANG_ANALYZER_NUMBER_OBJECT_CONVERSION = YES_AGGRESSIVE;
				CLANG_CXX_LANGUAGE_STANDARD = "gnu++14";
				CLANG_CXX_LIBRARY = "libc++";
				CLANG_ENABLE_MODULES = YES;
				CLANG_ENABLE_OBJC_ARC = YES;
				CLANG_ENABLE_OBJC_WEAK = YES;
				CLANG_WARN_BLOCK_CAPTURE_AUTORELEASING = YES;
				CLANG_WARN_BOOL_CONVERSION = YES;
				CLANG_WARN_COMMA = YES;
				CLANG_WARN_CONSTANT_CONVERSION = YES;
				CLANG_WARN_DEPRECATED_OBJC_IMPLEMENTATIONS = YES;
				CLANG_WARN_DIRECT_OBJC_ISA_USAGE = YES_ERROR;
				CLANG_WARN_DOCUMENTATION_COMMENTS = YES;
				CLANG_WARN_EMPTY_BODY = YES;
				CLANG_WARN_ENUM_CONVERSION = YES;
				CLANG_WARN_INFINITE_RECURSION = YES;
				CLANG_WARN_INT_CONVERSION = YES;
				CLANG_WARN_NON_LITERAL_NULL_CONVERSION = YES;
				CLANG_WARN_OBJC_IMPLICIT_RETAIN_SELF = YES;
				CLANG_WARN_OBJC_LITERAL_CONVERSION = YES;
				CLANG_WARN_OBJC_ROOT_CLASS = YES_ERROR;
				CLANG_WARN_QUOTED_INCLUDE_IN_FRAMEWORK_HEADER = YES;
				CLANG_WARN_RANGE_LOOP_ANALYSIS = YES;
				CLANG_WARN_STRICT_PROTOTYPES = YES;
				CLANG_WARN_SUSPICIOUS_MOVE = YES;
				CLANG_WARN_UNGUARDED_AVAILABILITY = YES_AGGRESSIVE;
				CLANG_WARN_UNREACHABLE_CODE = YES;
				CLANG_WARN__DUPLICATE_METHOD_MATCH = YES;
				COPY_PHASE_STRIP = NO;
				DEAD_CODE_STRIPPING = YES;
				DEBUG_INFORMATION_FORMAT = "dwarf-with-dsym";
				ENABLE_NS_ASSERTIONS = NO;
				ENABLE_STRICT_OBJC_MSGSEND = YES;
				ENABLE_USER_SCRIPT_SANDBOXING = YES;
				GCC_C_LANGUAGE_STANDARD = gnu11;
				GCC_NO_COMMON_BLOCKS = YES;
				GCC_WARN_64_TO_32_BIT_CONVERSION = YES;
				GCC_WARN_ABOUT_RETURN_TYPE = YES_ERROR;
				GCC_WARN_UNDECLARED_SELECTOR = YES;
				GCC_WARN_UNINITIALIZED_AUTOS = YES_AGGRESSIVE;
				GCC_WARN_UNUSED_FUNCTION = YES;
				GCC_WARN_UNUSED_VARIABLE = YES;
				IPHONEOS_DEPLOYMENT_TARGET = 17.0;
				MACOSX_DEPLOYMENT_TARGET = 14.0;
				MTL_ENABLE_DEBUG_INFO = NO;
				MTL_FAST_MATH = YES;
				PRODUCT_NAME = "$(TARGET_NAME)";
				STRING_CATALOG_GENERATE_SYMBOLS = YES;
				SWIFT_COMPILATION_MODE = wholemodule;
				SWIFT_OPTIMIZATION_LEVEL = "-O";
				SWIFT_VERSION = 5.9;
			};
			name = Release;
		};
		DA2A8B2CDB43F166A609EE45 /* Debug */ = {
			isa = XCBuildConfiguration;
			buildSettings = {
				CODE_SIGN_IDENTITY = "";
				COMBINE_HIDPI_IMAGES = YES;
				CURRENT_PROJECT_VERSION = 1;
				DEAD_CODE_STRIPPING = YES;
				DEFINES_MODULE = YES;
				DYLIB_COMPATIBILITY_VERSION = 1;
				DYLIB_CURRENT_VERSION = 1;
				DYLIB_INSTALL_NAME_BASE = "@rpath";
				ENABLE_MODULE_VERIFIER = YES;
				INFOPLIST_FILE = Sources/StuffBucketCore/Info.plist;
				INSTALL_PATH = "$(LOCAL_LIBRARY_DIR)/Frameworks";
				LD_RUNPATH_SEARCH_PATHS = (
					"$(inherited)",
					"@executable_path/../Frameworks",
				);
				MODULE_VERIFIER_SUPPORTED_LANGUAGE_STANDARDS = "gnu11 gnu++14";
				PRODUCT_BUNDLE_IDENTIFIER = com.stuffbucket.StuffBucketCore;
				PRODUCT_NAME = StuffBucketCore;
				SDKROOT = macosx;
				SKIP_INSTALL = YES;
				VERSIONING_SYSTEM = "apple-generic";
			};
			name = Debug;
		};
/* End XCBuildConfiguration section */

/* Begin XCConfigurationList section */
		6881CF2C154FDDC892D03CF9 /* Build configuration list for PBXNativeTarget "StuffBucket" */ = {
			isa = XCConfigurationList;
			buildConfigurations = (
				6B1AE6EF339B1DEAD3B97FF7 /* Debug */,
				880879BC0BC4EA2A09CB2923 /* Release */,
			);
			defaultConfigurationIsVisible = 0;
			defaultConfigurationName = Debug;
		};
		6B12E557C8DEF28BA698CAA3 /* Build configuration list for PBXNativeTarget "StuffBucketCore_macOS" */ = {
			isa = XCConfigurationList;
			buildConfigurations = (
				DA2A8B2CDB43F166A609EE45 /* Debug */,
				8D850C99D1DDC0DCF4BEF1D5 /* Release */,
			);
			defaultConfigurationIsVisible = 0;
			defaultConfigurationName = Debug;
		};
		A1F78AC379F48B064C7655BB /* Build configuration list for PBXProject "StuffBucket" */ = {
			isa = XCConfigurationList;
			buildConfigurations = (
				B2E5D0307A371E83A9A502EE /* Debug */,
				D1BD4AE71F8F8EBAB469F7D6 /* Release */,
			);
			defaultConfigurationIsVisible = 0;
			defaultConfigurationName = Debug;
		};
		C8AC093FE25F212338036A9E /* Build configuration list for PBXNativeTarget "StuffBucketMacTests" */ = {
			isa = XCConfigurationList;
			buildConfigurations = (
				A80D4AA2B8E873D842635075 /* Debug */,
				126E1DF9A6A82C322375556E /* Release */,
			);
			defaultConfigurationIsVisible = 0;
			defaultConfigurationName = Debug;
		};
		DCA7430751FEA6AD0C0E5C1A /* Build configuration list for PBXNativeTarget "StuffBucketTests" */ = {
			isa = XCConfigurationList;
			buildConfigurations = (
				B9465C880BD4B4387683B3FC /* Debug */,
				1F3BED45AFA69EE419259D1D /* Release */,
			);
			defaultConfigurationIsVisible = 0;
			defaultConfigurationName = Debug;
		};
		DD0E28AA4E4244038FE7CC3B /* Build configuration list for PBXNativeTarget "StuffBucketShareExtension" */ = {
			isa = XCConfigurationList;
			buildConfigurations = (
				CECB559547D602433A64EFE9 /* Debug */,
				D0C7B42FA3BF5C8009ED7A2D /* Release */,
			);
			defaultConfigurationIsVisible = 0;
			defaultConfigurationName = Debug;
		};
		E7FBF7DD3742969009C14542 /* Build configuration list for PBXNativeTarget "StuffBucketMacShareExtension" */ = {
			isa = XCConfigurationList;
			buildConfigurations = (
				B0B8D754AF8B6EB830B48D33 /* Debug */,
				59134FD4E9C792E5750BA163 /* Release */,
			);
			defaultConfigurationIsVisible = 0;
			defaultConfigurationName = Debug;
		};
		E8FCC0B022C436F31CFC276C /* Build configuration list for PBXNativeTarget "StuffBucketMac" */ = {
			isa = XCConfigurationList;
			buildConfigurations = (
				9308F1FDC890A7000460ACBD /* Debug */,
				5995FB1BBBED7497D4A965A4 /* Release */,
			);
			defaultConfigurationIsVisible = 0;
			defaultConfigurationName = Debug;
		};
		FC88E000ECF0E591F439F864 /* Build configuration list for PBXNativeTarget "StuffBucketCore_iOS" */ = {
			isa = XCConfigurationList;
			buildConfigurations = (
				31E6CD10C630DC76F9328420 /* Debug */,
				CA6E0669BC91BAF7918FD7A8 /* Release */,
			);
			defaultConfigurationIsVisible = 0;
			defaultConfigurationName = Debug;
		};
/* End XCConfigurationList section */

/* Begin XCVersionGroup section */
		A0E7D6443688015B5AD0915C /* StuffBucketModel.xcdatamodeld */ = {
			isa = XCVersionGroup;
			children = (
				98FEBE9AF2D9ED305F35501F /* StuffBucketModel.xcdatamodel */,
			);
			currentVersion = 98FEBE9AF2D9ED305F35501F /* StuffBucketModel.xcdatamodel */;
			path = StuffBucketModel.xcdatamodeld;
			sourceTree = "<group>";
			versionGroupType = wrapper.xcdatamodel;
		};
/* End XCVersionGroup section */
	};
	rootObject = EC99472ADB6FCA1746DD99A8 /* Project object */;
}
